
Microsoft Visual Studio Solution File, Format Version 12.00
# Visual Studio 15
VisualStudioVersion = 15.0.28307.489
MinimumVisualStudioVersion = 10.0.40219.1
Project("{FAE04EC0-301F-11D3-BF4B-00C04F79EFBC}") = "Gefco.CipQuai.Android", "Gefco.CipQuai\Gefco.CipQuai.Android\Gefco.CipQuai.Android.csproj", "{436A95CB-B60B-4895-93C1-679CECAC43F0}"
EndProject
Project("{9A19103F-16F7-4668-BE54-9A1E7A4F7556}") = "Gefco.CipQuai", "Gefco.CipQuai\Gefco.CipQuai\Gefco.CipQuai.csproj", "{25E9E71E-F81B-4A78-A6A6-28E460C29E24}"
EndProject
Global
	GlobalSection(SolutionConfigurationPlatforms) = preSolution
		Debug|Any CPU = Debug|Any CPU
		Release|Any CPU = Release|Any CPU
	EndGlobalSection
	GlobalSection(ProjectConfigurationPlatforms) = postSolution
		{099D9020-3E89-4FAB-948C-99D68973B875}.Debug|Any CPU.ActiveCfg = Debug|Any CPU
		{099D9020-3E89-4FAB-948C-99D68973B875}.Debug|Any CPU.Build.0 = Debug|Any CPU
		{099D9020-3E89-4FAB-948C-99D68973B875}.Release|Any CPU.ActiveCfg = Release|Any CPU
		{099D9020-3E89-4FAB-948C-99D68973B875}.Release|Any CPU.Build.0 = Release|Any CPU
		{436A95CB-B60B-4895-93C1-679CECAC43F0}.Debug|Any CPU.ActiveCfg = Debug|Any CPU
		{436A95CB-B60B-4895-93C1-679CECAC43F0}.Debug|Any CPU.Build.0 = Debug|Any CPU
		{436A95CB-B60B-4895-93C1-679CECAC43F0}.Debug|Any CPU.Deploy.0 = Debug|Any CPU
		{436A95CB-B60B-4895-93C1-679CECAC43F0}.Release|Any CPU.ActiveCfg = Release|Any CPU
		{436A95CB-B60B-4895-93C1-679CECAC43F0}.Release|Any CPU.Build.0 = Release|Any CPU
		{436A95CB-B60B-4895-93C1-679CECAC43F0}.Release|Any CPU.Deploy.0 = Release|Any CPU
		{25E9E71E-F81B-4A78-A6A6-28E460C29E24}.Debug|Any CPU.ActiveCfg = Debug|Any CPU
		{25E9E71E-F81B-4A78-A6A6-28E460C29E24}.Debug|Any CPU.Build.0 = Debug|Any CPU
		{25E9E71E-F81B-4A78-A6A6-28E460C29E24}.Release|Any CPU.ActiveCfg = Release|Any CPU
		{25E9E71E-F81B-4A78-A6A6-28E460C29E24}.Release|Any CPU.Build.0 = Release|Any CPU
		{8C142812-18DE-4792-B9A1-F2E29A6817D9}.Debug|Any CPU.ActiveCfg = Debug|Any CPU
		{8C142812-18DE-4792-B9A1-F2E29A6817D9}.Debug|Any CPU.Build.0 = Debug|Any CPU
		{8C142812-18DE-4792-B9A1-F2E29A6817D9}.Release|Any CPU.ActiveCfg = Release|Any CPU
		{8C142812-18DE-4792-B9A1-F2E29A6817D9}.Release|Any CPU.Build.0 = Release|Any CPU
	EndGlobalSection
	GlobalSection(SolutionProperties) = preSolution
		HideSolutionNode = FALSE
	EndGlobalSection
	GlobalSection(ExtensibilityGlobals) = postSolution
		SolutionGuid = {C8CFADDE-F40C-42F4-B92C-EC351BE899D9}
	EndGlobalSection
EndGlobal
